
Microsoft Visual Studio Solution File, Format Version 12.00
# Visual Studio Version 17
VisualStudioVersion = 17.7.34024.191
MinimumVisualStudioVersion = 10.0.40219.1
Project("{8BC9CEB8-8B4A-11D0-8D11-00A0C91BC942}") = "Pure Virtual Functions", "Pure Virtual Functions\Pure Virtual Functions.vcxproj", "{CA514F32-0E0D-4299-A727-18991C3C258B}"
EndProject
Global
	GlobalSection(SolutionConfigurationPlatforms) = preSolution
		Debug|x64 = Debug|x64
		Debug|x86 = Debug|x86
		Release|x64 = Release|x64
		Release|x86 = Release|x86
	EndGlobalSection
	GlobalSection(ProjectConfigurationPlatforms) = postSolution
		{CA514F32-0E0D-4299-A727-18991C3C258B}.Debug|x64.ActiveCfg = Debug|x64
		{CA514F32-0E0D-4299-A727-18991C3C258B}.Debug|x64.Build.0 = Debug|x64
		{CA514F32-0E0D-4299-A727-18991C3C258B}.Debug|x86.ActiveCfg = Debug|Win32
		{CA514F32-0E0D-4299-A727-18991C3C258B}.Debug|x86.Build.0 = Debug|Win32
		{CA514F32-0E0D-4299-A727-18991C3C258B}.Release|x64.ActiveCfg = Release|x64
		{CA514F32-0E0D-4299-A727-18991C3C258B}.Release|x64.Build.0 = Release|x64
		{CA514F32-0E0D-4299-A727-18991C3C258B}.Release|x86.ActiveCfg = Release|Win32
		{CA514F32-0E0D-4299-A727-18991C3C258B}.Release|x86.Build.0 = Release|Win32
	EndGlobalSection
	GlobalSection(SolutionProperties) = preSolution
		HideSolutionNode = FALSE
	EndGlobalSection
	GlobalSection(ExtensibilityGlobals) = postSolution
		SolutionGuid = {6EA821E2-09BE-4DF5-A3D4-736E9603AACF}
	EndGlobalSection
EndGlobal
